
Microsoft Visual Studio Solution File, Format Version 12.00
# Visual Studio Version 17
VisualStudioVersion = 17.14.36301.6
MinimumVisualStudioVersion = 10.0.40219.1
Project("{FAE04EC0-301F-11D3-BF4B-00C04F79EFBC}") = "PetCare.Api", "PetCare.Api\PetCare.Api.csproj", "{A1C38F6C-28FD-4107-A154-18367081C469}"
EndProject
Project("{E53339B2-1760-4266-BCC7-CA923CBCF16C}") = "docker-compose", "docker-compose.dcproj", "{81DDED9D-158B-E303-5F62-77A2896D2A5A}"
EndProject
Project("{FAE04EC0-301F-11D3-BF4B-00C04F79EFBC}") = "PetCare.Application", "..\PetCare.Application\PetCare.Application.csproj", "{AF29629D-390F-44DD-9E9A-CFD0C87EBEED}"
EndProject
Project("{FAE04EC0-301F-11D3-BF4B-00C04F79EFBC}") = "PetCare.Domain", "..\PetCare.Domain\PetCare.Domain.csproj", "{1EFDA449-B572-48C9-9B9A-E14D6F1192CD}"
EndProject
Project("{FAE04EC0-301F-11D3-BF4B-00C04F79EFBC}") = "PetCare.Infrastructure", "..\PetCare.Infrastructure\PetCare.Infrastructure.csproj", "{3C658637-DE2B-4D1A-9E28-A547155EA033}"
EndProject
Project("{FAE04EC0-301F-11D3-BF4B-00C04F79EFBC}") = "PetCare.Tests", "..\PetCare.Tests\PetCare.Tests.csproj", "{515A24F4-F4EB-48BB-9010-EB939F843889}"
EndProject
Global
	GlobalSection(SolutionConfigurationPlatforms) = preSolution
		Debug|Any CPU = Debug|Any CPU
		Release|Any CPU = Release|Any CPU
	EndGlobalSection
	GlobalSection(ProjectConfigurationPlatforms) = postSolution
		{A1C38F6C-28FD-4107-A154-18367081C469}.Debug|Any CPU.ActiveCfg = Debug|Any CPU
		{A1C38F6C-28FD-4107-A154-18367081C469}.Debug|Any CPU.Build.0 = Debug|Any CPU
		{A1C38F6C-28FD-4107-A154-18367081C469}.Release|Any CPU.ActiveCfg = Release|Any CPU
		{A1C38F6C-28FD-4107-A154-18367081C469}.Release|Any CPU.Build.0 = Release|Any CPU
		{81DDED9D-158B-E303-5F62-77A2896D2A5A}.Debug|Any CPU.ActiveCfg = Debug|Any CPU
		{81DDED9D-158B-E303-5F62-77A2896D2A5A}.Debug|Any CPU.Build.0 = Debug|Any CPU
		{81DDED9D-158B-E303-5F62-77A2896D2A5A}.Release|Any CPU.ActiveCfg = Release|Any CPU
		{81DDED9D-158B-E303-5F62-77A2896D2A5A}.Release|Any CPU.Build.0 = Release|Any CPU
		{AF29629D-390F-44DD-9E9A-CFD0C87EBEED}.Debug|Any CPU.ActiveCfg = Debug|Any CPU
		{AF29629D-390F-44DD-9E9A-CFD0C87EBEED}.Debug|Any CPU.Build.0 = Debug|Any CPU
		{AF29629D-390F-44DD-9E9A-CFD0C87EBEED}.Release|Any CPU.ActiveCfg = Release|Any CPU
		{AF29629D-390F-44DD-9E9A-CFD0C87EBEED}.Release|Any CPU.Build.0 = Release|Any CPU
		{1EFDA449-B572-48C9-9B9A-E14D6F1192CD}.Debug|Any CPU.ActiveCfg = Debug|Any CPU
		{1EFDA449-B572-48C9-9B9A-E14D6F1192CD}.Debug|Any CPU.Build.0 = Debug|Any CPU
		{1EFDA449-B572-48C9-9B9A-E14D6F1192CD}.Release|Any CPU.ActiveCfg = Release|Any CPU
		{1EFDA449-B572-48C9-9B9A-E14D6F1192CD}.Release|Any CPU.Build.0 = Release|Any CPU
		{3C658637-DE2B-4D1A-9E28-A547155EA033}.Debug|Any CPU.ActiveCfg = Debug|Any CPU
		{3C658637-DE2B-4D1A-9E28-A547155EA033}.Debug|Any CPU.Build.0 = Debug|Any CPU
		{3C658637-DE2B-4D1A-9E28-A547155EA033}.Release|Any CPU.ActiveCfg = Release|Any CPU
		{3C658637-DE2B-4D1A-9E28-A547155EA033}.Release|Any CPU.Build.0 = Release|Any CPU
		{515A24F4-F4EB-48BB-9010-EB939F843889}.Debug|Any CPU.ActiveCfg = Debug|Any CPU
		{515A24F4-F4EB-48BB-9010-EB939F843889}.Debug|Any CPU.Build.0 = Debug|Any CPU
		{515A24F4-F4EB-48BB-9010-EB939F843889}.Release|Any CPU.ActiveCfg = Release|Any CPU
		{515A24F4-F4EB-48BB-9010-EB939F843889}.Release|Any CPU.Build.0 = Release|Any CPU
	EndGlobalSection
	GlobalSection(SolutionProperties) = preSolution
		HideSolutionNode = FALSE
	EndGlobalSection
	GlobalSection(ExtensibilityGlobals) = postSolution
		SolutionGuid = {95576049-F6C6-4C08-9F3F-3282B8CF06B9}
	EndGlobalSection
EndGlobal
